<?xml version="1.0" encoding="utf-8"?>
<Project ToolsVersion="4.0" xmlns="http://schemas.microsoft.com/developer/msbuild/2003">
  <ItemGroup>
    <ClCompile Include="src\Application.cpp">
      <Filter>src</Filter>
    </ClCompile>
    <ClCompile Include="src\Camera.cpp">
      <Filter>src</Filter>
    </ClCompile>
    <ClCompile Include="src\Global.cpp">
      <Filter>src</Filter>
    </ClCompile>
    <ClCompile Include="src\Level.cpp">
      <Filter>src</Filter>
    </ClCompile>
    <ClCompile Include="src\LevelPersistence.cpp">
      <Filter>src</Filter>
    </ClCompile>
    <ClCompile Include="src\LightSource.cpp">
      <Filter>src</Filter>
    </ClCompile>
    <ClCompile Include="src\MainWindow.cpp">
      <Filter>src</Filter>
    </ClCompile>
    <ClCompile Include="src\ShaderManager.cpp">
      <Filter>src</Filter>
    </ClCompile>
    <ClCompile Include="src\Skybox.cpp">
      <Filter>src</Filter>
    </ClCompile>
    <ClCompile Include="src\TextureInfo.cpp">
      <Filter>src</Filter>
    </ClCompile>
    <ClCompile Include="src\actions\ActionManager.cpp">
      <Filter>src\actions</Filter>
    </ClCompile>
    <ClCompile Include="src\actions\EditorAction.cpp">
      <Filter>src\actions</Filter>
    </ClCompile>
    <ClCompile Include="src\colors\Color.cpp">
      <Filter>src\colors</Filter>
    </ClCompile>
    <ClCompile Include="src\colors\ColorConverter.cpp">
      <Filter>src\colors</Filter>
    </ClCompile>
    <ClCompile Include="src\colors\ColorConverterCMYK.cpp">
      <Filter>src\colors</Filter>
    </ClCompile>
    <ClCompile Include="src\colors\ColorConverterHSV.cpp">
      <Filter>src\colors</Filter>
    </ClCompile>
    <ClCompile Include="src\colors\ColorConverterRGB.cpp">
      <Filter>src\colors</Filter>
    </ClCompile>
    <ClCompile Include="src\colors\ColorHistogram.cpp">
      <Filter>src\colors</Filter>
    </ClCompile>
    <ClCompile Include="src\colors\ColorRGB.cpp">
      <Filter>src\colors</Filter>
    </ClCompile>
    <ClCompile Include="src\nodes\AssetNode.cpp">
      <Filter>src\nodes</Filter>
    </ClCompile>
    <ClCompile Include="src\nodes\BaseNode.cpp">
      <Filter>src\nodes</Filter>
    </ClCompile>
    <ClCompile Include="src\nodes\BoxNode.cpp">
      <Filter>src\nodes</Filter>
    </ClCompile>
    <ClCompile Include="src\nodes\CharacterNode.cpp">
      <Filter>src\nodes</Filter>
    </ClCompile>
    <ClCompile Include="src\nodes\ConeNode.cpp">
      <Filter>src\nodes</Filter>
    </ClCompile>
    <ClCompile Include="src\nodes\CylinderNode.cpp">
      <Filter>src\nodes</Filter>
    </ClCompile>
    <ClCompile Include="src\nodes\GroupNode.cpp">
      <Filter>src\nodes</Filter>
    </ClCompile>
    <ClCompile Include="src\nodes\LightNode.cpp">
      <Filter>src\nodes</Filter>
    </ClCompile>
    <ClCompile Include="src\nodes\ModelManager.cpp">
      <Filter>src\nodes</Filter>
    </ClCompile>
    <ClCompile Include="src\nodes\ModelNode.cpp">
      <Filter>src\nodes</Filter>
    </ClCompile>
    <ClCompile Include="src\nodes\NodeProperty.cpp">
      <Filter>src\nodes</Filter>
    </ClCompile>
    <ClCompile Include="src\nodes\PerlinNoiseTexture.cpp">
      <Filter>src\nodes</Filter>
    </ClCompile>
    <ClCompile Include="src\nodes\PlaneNode.cpp">
      <Filter>src\nodes</Filter>
    </ClCompile>
    <ClCompile Include="src\nodes\SphereNode.cpp">
      <Filter>src\nodes</Filter>
    </ClCompile>
    <ClCompile Include="src\nodes\SplineControlPoint.cpp">
      <Filter>src\nodes</Filter>
    </ClCompile>
    <ClCompile Include="src\nodes\SplineNode.cpp">
      <Filter>src\nodes</Filter>
    </ClCompile>
    <ClCompile Include="src\nodes\TerrainNode.cpp">
      <Filter>src\nodes</Filter>
    </ClCompile>
    <ClCompile Include="src\openFrameworks\ofCustomCamera.cpp">
      <Filter>src\openFrameworks</Filter>
    </ClCompile>
    <ClCompile Include="src\openFrameworks\ofxCustomAssimpModelLoader.cpp">
      <Filter>src\openFrameworks</Filter>
    </ClCompile>
    <ClCompile Include="src\ui\AddNodeDialog.cpp">
      <Filter>src\ui</Filter>
    </ClCompile>
    <ClCompile Include="src\ui\CameraToneMappingDialog.cpp">
      <Filter>src\ui</Filter>
    </ClCompile>
    <ClCompile Include="src\ui\ColorDialog.cpp">
      <Filter>src\ui</Filter>
    </ClCompile>
    <ClCompile Include="src\ui\Cursor.cpp">
      <Filter>src\ui</Filter>
    </ClCompile>
    <ClCompile Include="src\ui\CursorManager.cpp">
      <Filter>src\ui</Filter>
    </ClCompile>
    <ClCompile Include="src\ui\DeleteNodeDialog.cpp">
      <Filter>src\ui</Filter>
    </ClCompile>
    <ClCompile Include="src\ui\FileGeneratedDialog.cpp">
      <Filter>src\ui</Filter>
    </ClCompile>
    <ClCompile Include="src\ui\HistogramDialog.cpp">
      <Filter>src\ui</Filter>
    </ClCompile>
    <ClCompile Include="src\ui\ModalDialog.cpp">
      <Filter>src\ui</Filter>
    </ClCompile>
    <ClCompile Include="src\ui\NewLevelDialog.cpp">
      <Filter>src\ui</Filter>
    </ClCompile>
    <ClCompile Include="src\ui\TextureInfoDialog.cpp">
      <Filter>src\ui</Filter>
    </ClCompile>
    <ClCompile Include="src\ui\TransformTools.cpp">
      <Filter>src\ui</Filter>
    </ClCompile>
    <ClCompile Include="src\ui\UserInterface.cpp">
      <Filter>src\ui</Filter>
    </ClCompile>
    <ClCompile Include="src\ui\Vector3Dialog.cpp">
      <Filter>src\ui</Filter>
    </ClCompile>
    <ClCompile Include="..\..\addons\ofxAssimpModelLoader\src\ofxAssimpAnimation.cpp">
      <Filter>addons\ofxAssimpModelLoader\src</Filter>
    </ClCompile>
    <ClCompile Include="..\..\addons\ofxAssimpModelLoader\src\ofxAssimpMeshHelper.cpp">
      <Filter>addons\ofxAssimpModelLoader\src</Filter>
    </ClCompile>
    <ClCompile Include="..\..\addons\ofxAssimpModelLoader\src\ofxAssimpModelLoader.cpp">
      <Filter>addons\ofxAssimpModelLoader\src</Filter>
    </ClCompile>
    <ClCompile Include="..\..\addons\ofxAssimpModelLoader\src\ofxAssimpTexture.cpp">
      <Filter>addons\ofxAssimpModelLoader\src</Filter>
    </ClCompile>
    <ClCompile Include="..\..\addons\ofxGui\src\ofxBaseGui.cpp">
      <Filter>addons\ofxGui\src</Filter>
    </ClCompile>
    <ClCompile Include="..\..\addons\ofxGui\src\ofxButton.cpp">
      <Filter>addons\ofxGui\src</Filter>
    </ClCompile>
    <ClCompile Include="..\..\addons\ofxGui\src\ofxColorPicker.cpp">
      <Filter>addons\ofxGui\src</Filter>
    </ClCompile>
    <ClCompile Include="..\..\addons\ofxGui\src\ofxGuiGroup.cpp">
      <Filter>addons\ofxGui\src</Filter>
    </ClCompile>
    <ClCompile Include="..\..\addons\ofxGui\src\ofxInputField.cpp">
      <Filter>addons\ofxGui\src</Filter>
    </ClCompile>
    <ClCompile Include="..\..\addons\ofxGui\src\ofxLabel.cpp">
      <Filter>addons\ofxGui\src</Filter>
    </ClCompile>
    <ClCompile Include="..\..\addons\ofxGui\src\ofxPanel.cpp">
      <Filter>addons\ofxGui\src</Filter>
    </ClCompile>
    <ClCompile Include="..\..\addons\ofxGui\src\ofxSlider.cpp">
      <Filter>addons\ofxGui\src</Filter>
    </ClCompile>
    <ClCompile Include="..\..\addons\ofxGui\src\ofxSliderGroup.cpp">
      <Filter>addons\ofxGui\src</Filter>
    </ClCompile>
    <ClCompile Include="..\..\addons\ofxGui\src\ofxToggle.cpp">
      <Filter>addons\ofxGui\src</Filter>
    </ClCompile>
    <ClCompile Include="..\..\addons\ofxImGui\src\BaseEngine.cpp">
      <Filter>addons\ofxImGui\src</Filter>
    </ClCompile>
    <ClCompile Include="..\..\addons\ofxImGui\src\DefaultTheme.cpp">
      <Filter>addons\ofxImGui\src</Filter>
    </ClCompile>
    <ClCompile Include="..\..\addons\ofxImGui\src\EngineGLFW.cpp">
      <Filter>addons\ofxImGui\src</Filter>
    </ClCompile>
    <ClCompile Include="..\..\addons\ofxImGui\src\EngineOpenGLES.cpp">
      <Filter>addons\ofxImGui\src</Filter>
    </ClCompile>
    <ClCompile Include="..\..\addons\ofxImGui\src\EngineVk.cpp">
      <Filter>addons\ofxImGui\src</Filter>
    </ClCompile>
    <ClCompile Include="..\..\addons\ofxImGui\src\Gui.cpp">
      <Filter>addons\ofxImGui\src</Filter>
    </ClCompile>
    <ClCompile Include="..\..\addons\ofxImGui\src\ImHelpers.cpp">
      <Filter>addons\ofxImGui\src</Filter>
    </ClCompile>
    <ClCompile Include="..\..\addons\ofxImGui\src\ofxImGuiLoggerChannel.cpp">
      <Filter>addons\ofxImGui\src</Filter>
    </ClCompile>
    <ClCompile Include="..\..\addons\ofxImGui\libs\imgui\src\imgui.cpp">
      <Filter>addons\ofxImGui\libs\imgui\src</Filter>
    </ClCompile>
    <ClCompile Include="..\..\addons\ofxImGui\libs\imgui\src\imgui_demo.cpp">
      <Filter>addons\ofxImGui\libs\imgui\src</Filter>
    </ClCompile>
    <ClCompile Include="..\..\addons\ofxImGui\libs\imgui\src\imgui_draw.cpp">
      <Filter>addons\ofxImGui\libs\imgui\src</Filter>
    </ClCompile>
    <ClCompile Include="..\..\addons\ofxImGui\libs\imgui\src\imgui_widgets.cpp">
      <Filter>addons\ofxImGui\libs\imgui\src</Filter>
    </ClCompile>
  </ItemGroup>
  <ItemGroup>
    <Filter Include="src">
      <UniqueIdentifier>{d8376475-7454-4a24-b08a-aac121d3ad6f}</UniqueIdentifier>
    </Filter>
    <Filter Include="src\actions">
      <UniqueIdentifier>{0D0C17ED--B21-4-4D-97-B-16F-DAFFF947B633}</UniqueIdentifier>
    </Filter>
    <Filter Include="src\colors">
      <UniqueIdentifier>{46003621--5CA-D-46-32-9-BFF-FCE894A3FC0C}</UniqueIdentifier>
    </Filter>
    <Filter Include="src\nodes">
      <UniqueIdentifier>{50966B6C--9F8-0-4A-B9-B-830-319A2FF42453}</UniqueIdentifier>
    </Filter>
    <Filter Include="src\openFrameworks">
      <UniqueIdentifier>{E4CEEA5E--04A-F-41-48-9-796-3702BFBFC564}</UniqueIdentifier>
    </Filter>
    <Filter Include="src\ui">
      <UniqueIdentifier>{1AEAD059--A90-F-45-87-A-A77-41D534C1097A}</UniqueIdentifier>
    </Filter>
    <Filter Include="addons">
      <UniqueIdentifier>{862C9325--F06-2-49-46-A-0F7-86E84045DC70}</UniqueIdentifier>
    </Filter>
    <Filter Include="addons\ofxAssimpModelLoader">
      <UniqueIdentifier>{E6626DAF--19A-A-48-8F-A-659-EFC58356721B}</UniqueIdentifier>
    </Filter>
    <Filter Include="addons\ofxAssimpModelLoader\src">
      <UniqueIdentifier>{88D8618B--DDF-5-49-ED-9-C09-EEB4695FB637}</UniqueIdentifier>
    </Filter>
    <Filter Include="addons\ofxAssimpModelLoader\libs">
      <UniqueIdentifier>{491729F6--FBB-4-4C-7C-B-125-10B7616E1109}</UniqueIdentifier>
    </Filter>
    <Filter Include="addons\ofxAssimpModelLoader\libs\assimp">
      <UniqueIdentifier>{1BF8AE09--784-E-4A-C4-A-05E-ED07FFE79BBD}</UniqueIdentifier>
    </Filter>
    <Filter Include="addons\ofxAssimpModelLoader\libs\assimp\include">
      <UniqueIdentifier>{4A592800--2D5-D-46-B4-B-3D8-94A8963AC35B}</UniqueIdentifier>
    </Filter>
    <Filter Include="addons\ofxAssimpModelLoader\libs\assimp\include\assimp">
      <UniqueIdentifier>{78302B94--0E0-F-41-3F-A-BFE-36F5DB8C504C}</UniqueIdentifier>
    </Filter>
    <Filter Include="addons\ofxAssimpModelLoader\libs\assimp\include\assimp\Compiler">
      <UniqueIdentifier>{6709938D--C0B-7-43-05-8-04E-1AEDF4D12F3E}</UniqueIdentifier>
    </Filter>
    <Filter Include="addons\ofxAssimpModelLoader\libs\assimp\include\assimp\port">
      <UniqueIdentifier>{FAE35E04--9FF-5-4E-7D-A-89E-8F41F0D4E057}</UniqueIdentifier>
    </Filter>
    <Filter Include="addons\ofxAssimpModelLoader\libs\assimp\include\assimp\port\AndroidJNI">
      <UniqueIdentifier>{BE2C2E8C--A2A-5-4B-BC-9-7AE-670ADD3D4436}</UniqueIdentifier>
    </Filter>
    <Filter Include="addons\ofxGui">
      <UniqueIdentifier>{13C854B8--31D-5-43-B0-8-A41-0E5796F16C49}</UniqueIdentifier>
    </Filter>
    <Filter Include="addons\ofxGui\src">
      <UniqueIdentifier>{7ED5AC25--66D-5-4E-87-A-F7E-DC2192548542}</UniqueIdentifier>
    </Filter>
    <Filter Include="addons\ofxImGui">
      <UniqueIdentifier>{49B849DB--97E-A-4F-96-A-EC9-BEA06F9BA592}</UniqueIdentifier>
    </Filter>
    <Filter Include="addons\ofxImGui\src">
      <UniqueIdentifier>{6428A611--951-9-48-65-8-581-CEE9111D3D28}</UniqueIdentifier>
    </Filter>
    <Filter Include="addons\ofxImGui\libs">
      <UniqueIdentifier>{27D8DE3E--744-D-4B-73-9-7BF-DFA0CADFC75C}</UniqueIdentifier>
    </Filter>
    <Filter Include="addons\ofxImGui\libs\imgui">
      <UniqueIdentifier>{DB49574F--0E2-1-46-39-9-D05-9FA043D1FD09}</UniqueIdentifier>
    </Filter>
    <Filter Include="addons\ofxImGui\libs\imgui\src">
      <UniqueIdentifier>{325E279B--1A4-2-47-F9-8-DBB-6DF1D1197654}</UniqueIdentifier>
    </Filter>
  </ItemGroup>
  <ItemGroup>
    <ClInclude Include="src\Application.h">
      <Filter>src</Filter>
    </ClInclude>
    <ClInclude Include="src\Camera.h">
      <Filter>src</Filter>
    </ClInclude>
    <ClInclude Include="src\Global.h">
      <Filter>src</Filter>
    </ClInclude>
    <ClInclude Include="src\Level.h">
      <Filter>src</Filter>
    </ClInclude>
    <ClInclude Include="src\LevelPersistence.h">
      <Filter>src</Filter>
    </ClInclude>
    <ClInclude Include="src\LightSource.h">
      <Filter>src</Filter>
    </ClInclude>
    <ClInclude Include="src\MainWindow.h">
      <Filter>src</Filter>
    </ClInclude>
    <ClInclude Include="src\ShaderManager.h">
      <Filter>src</Filter>
    </ClInclude>
    <ClInclude Include="src\Skybox.h">
      <Filter>src</Filter>
    </ClInclude>
    <ClInclude Include="src\TextureInfo.h">
      <Filter>src</Filter>
    </ClInclude>
    <ClInclude Include="src\actions\ActionManager.h">
      <Filter>src\actions</Filter>
    </ClInclude>
    <ClInclude Include="src\actions\EditorAction.h">
      <Filter>src\actions</Filter>
    </ClInclude>
    <ClInclude Include="src\colors\Color.h">
      <Filter>src\colors</Filter>
    </ClInclude>
    <ClInclude Include="src\colors\ColorConverter.h">
      <Filter>src\colors</Filter>
    </ClInclude>
    <ClInclude Include="src\colors\ColorConverterCMYK.h">
      <Filter>src\colors</Filter>
    </ClInclude>
    <ClInclude Include="src\colors\ColorConverterHSV.h">
      <Filter>src\colors</Filter>
    </ClInclude>
    <ClInclude Include="src\colors\ColorConverterRGB.h">
      <Filter>src\colors</Filter>
    </ClInclude>
    <ClInclude Include="src\colors\ColorHistogram.h">
      <Filter>src\colors</Filter>
    </ClInclude>
    <ClInclude Include="src\colors\ColorRGB.h">
      <Filter>src\colors</Filter>
    </ClInclude>
    <ClInclude Include="src\nodes\AssetNode.h">
      <Filter>src\nodes</Filter>
    </ClInclude>
    <ClInclude Include="src\nodes\BaseNode.h">
      <Filter>src\nodes</Filter>
    </ClInclude>
    <ClInclude Include="src\nodes\BoxNode.h">
      <Filter>src\nodes</Filter>
    </ClInclude>
    <ClInclude Include="src\nodes\CharacterNode.h">
      <Filter>src\nodes</Filter>
    </ClInclude>
    <ClInclude Include="src\nodes\ConeNode.h">
      <Filter>src\nodes</Filter>
    </ClInclude>
    <ClInclude Include="src\nodes\CylinderNode.h">
      <Filter>src\nodes</Filter>
    </ClInclude>
    <ClInclude Include="src\nodes\GroupNode.h">
      <Filter>src\nodes</Filter>
    </ClInclude>
    <ClInclude Include="src\nodes\LightNode.h">
      <Filter>src\nodes</Filter>
    </ClInclude>
    <ClInclude Include="src\nodes\ModelManager.h">
      <Filter>src\nodes</Filter>
    </ClInclude>
    <ClInclude Include="src\nodes\ModelNode.h">
      <Filter>src\nodes</Filter>
    </ClInclude>
    <ClInclude Include="src\nodes\NodeProperty.h">
      <Filter>src\nodes</Filter>
    </ClInclude>
    <ClInclude Include="src\nodes\PerlinNoiseTexture.h">
      <Filter>src\nodes</Filter>
    </ClInclude>
    <ClInclude Include="src\nodes\PlaneNode.h">
      <Filter>src\nodes</Filter>
    </ClInclude>
    <ClInclude Include="src\nodes\SphereNode.h">
      <Filter>src\nodes</Filter>
    </ClInclude>
    <ClInclude Include="src\nodes\SplineControlPoint.h">
      <Filter>src\nodes</Filter>
    </ClInclude>
    <ClInclude Include="src\nodes\SplineNode.h">
      <Filter>src\nodes</Filter>
    </ClInclude>
    <ClInclude Include="src\nodes\TerrainNode.h">
      <Filter>src\nodes</Filter>
    </ClInclude>
    <ClInclude Include="src\openFrameworks\ofCustomCamera.h">
      <Filter>src\openFrameworks</Filter>
    </ClInclude>
    <ClInclude Include="src\openFrameworks\ofxCustomAssimpModelLoader.h">
      <Filter>src\openFrameworks</Filter>
    </ClInclude>
    <ClInclude Include="src\ui\AddNodeDialog.h">
      <Filter>src\ui</Filter>
    </ClInclude>
    <ClInclude Include="src\ui\CameraToneMappingDialog.h">
      <Filter>src\ui</Filter>
    </ClInclude>
    <ClInclude Include="src\ui\ColorDialog.h">
      <Filter>src\ui</Filter>
    </ClInclude>
    <ClInclude Include="src\ui\Cursor.h">
      <Filter>src\ui</Filter>
    </ClInclude>
    <ClInclude Include="src\ui\CursorManager.h">
      <Filter>src\ui</Filter>
    </ClInclude>
    <ClInclude Include="src\ui\DeleteNodeDialog.h">
      <Filter>src\ui</Filter>
    </ClInclude>
    <ClInclude Include="src\ui\FileGeneratedDialog.h">
      <Filter>src\ui</Filter>
    </ClInclude>
    <ClInclude Include="src\ui\HistogramDialog.h">
      <Filter>src\ui</Filter>
    </ClInclude>
    <ClInclude Include="src\ui\ModalDialog.h">
      <Filter>src\ui</Filter>
    </ClInclude>
    <ClInclude Include="src\ui\NewLevelDialog.h">
      <Filter>src\ui</Filter>
    </ClInclude>
    <ClInclude Include="src\ui\TextureInfoDialog.h">
      <Filter>src\ui</Filter>
    </ClInclude>
    <ClInclude Include="src\ui\TooltipMessages.hpp">
      <Filter>src\ui</Filter>
    </ClInclude>
    <ClInclude Include="src\ui\TransformTools.h">
      <Filter>src\ui</Filter>
    </ClInclude>
    <ClInclude Include="src\ui\UserInterface.h">
      <Filter>src\ui</Filter>
    </ClInclude>
    <ClInclude Include="src\ui\Vector3Dialog.h">
      <Filter>src\ui</Filter>
    </ClInclude>
    <ClInclude Include="..\..\addons\ofxAssimpModelLoader\src\ofxAssimpAnimation.h">
      <Filter>addons\ofxAssimpModelLoader\src</Filter>
    </ClInclude>
    <ClInclude Include="..\..\addons\ofxAssimpModelLoader\src\ofxAssimpMeshHelper.h">
      <Filter>addons\ofxAssimpModelLoader\src</Filter>
    </ClInclude>
    <ClInclude Include="..\..\addons\ofxAssimpModelLoader\src\ofxAssimpModelLoader.h">
      <Filter>addons\ofxAssimpModelLoader\src</Filter>
    </ClInclude>
    <ClInclude Include="..\..\addons\ofxAssimpModelLoader\src\ofxAssimpTexture.h">
      <Filter>addons\ofxAssimpModelLoader\src</Filter>
    </ClInclude>
    <ClInclude Include="..\..\addons\ofxAssimpModelLoader\src\ofxAssimpUtils.h">
      <Filter>addons\ofxAssimpModelLoader\src</Filter>
    </ClInclude>
    <ClInclude Include="..\..\addons\ofxAssimpModelLoader\libs\assimp\include\assimp\aabb.h">
      <Filter>addons\ofxAssimpModelLoader\libs\assimp\include\assimp</Filter>
    </ClInclude>
    <ClInclude Include="..\..\addons\ofxAssimpModelLoader\libs\assimp\include\assimp\ai_assert.h">
      <Filter>addons\ofxAssimpModelLoader\libs\assimp\include\assimp</Filter>
    </ClInclude>
    <ClInclude Include="..\..\addons\ofxAssimpModelLoader\libs\assimp\include\assimp\anim.h">
      <Filter>addons\ofxAssimpModelLoader\libs\assimp\include\assimp</Filter>
    </ClInclude>
    <ClInclude Include="..\..\addons\ofxAssimpModelLoader\libs\assimp\include\assimp\Base64.hpp">
      <Filter>addons\ofxAssimpModelLoader\libs\assimp\include\assimp</Filter>
    </ClInclude>
    <ClInclude Include="..\..\addons\ofxAssimpModelLoader\libs\assimp\include\assimp\BaseImporter.h">
      <Filter>addons\ofxAssimpModelLoader\libs\assimp\include\assimp</Filter>
    </ClInclude>
    <ClInclude Include="..\..\addons\ofxAssimpModelLoader\libs\assimp\include\assimp\Bitmap.h">
      <Filter>addons\ofxAssimpModelLoader\libs\assimp\include\assimp</Filter>
    </ClInclude>
    <ClInclude Include="..\..\addons\ofxAssimpModelLoader\libs\assimp\include\assimp\BlobIOSystem.h">
      <Filter>addons\ofxAssimpModelLoader\libs\assimp\include\assimp</Filter>
    </ClInclude>
    <ClInclude Include="..\..\addons\ofxAssimpModelLoader\libs\assimp\include\assimp\ByteSwapper.h">
      <Filter>addons\ofxAssimpModelLoader\libs\assimp\include\assimp</Filter>
    </ClInclude>
    <ClInclude Include="..\..\addons\ofxAssimpModelLoader\libs\assimp\include\assimp\camera.h">
      <Filter>addons\ofxAssimpModelLoader\libs\assimp\include\assimp</Filter>
    </ClInclude>
    <ClInclude Include="..\..\addons\ofxAssimpModelLoader\libs\assimp\include\assimp\cexport.h">
      <Filter>addons\ofxAssimpModelLoader\libs\assimp\include\assimp</Filter>
    </ClInclude>
    <ClInclude Include="..\..\addons\ofxAssimpModelLoader\libs\assimp\include\assimp\cfileio.h">
      <Filter>addons\ofxAssimpModelLoader\libs\assimp\include\assimp</Filter>
    </ClInclude>
    <ClInclude Include="..\..\addons\ofxAssimpModelLoader\libs\assimp\include\assimp\cimport.h">
      <Filter>addons\ofxAssimpModelLoader\libs\assimp\include\assimp</Filter>
    </ClInclude>
    <ClInclude Include="..\..\addons\ofxAssimpModelLoader\libs\assimp\include\assimp\ColladaMetaData.h">
      <Filter>addons\ofxAssimpModelLoader\libs\assimp\include\assimp</Filter>
    </ClInclude>
    <ClInclude Include="..\..\addons\ofxAssimpModelLoader\libs\assimp\include\assimp\color4.h">
      <Filter>addons\ofxAssimpModelLoader\libs\assimp\include\assimp</Filter>
    </ClInclude>
    <ClInclude Include="..\..\addons\ofxAssimpModelLoader\libs\assimp\include\assimp\commonMetaData.h">
      <Filter>addons\ofxAssimpModelLoader\libs\assimp\include\assimp</Filter>
    </ClInclude>
    <ClInclude Include="..\..\addons\ofxAssimpModelLoader\libs\assimp\include\assimp\Compiler\poppack1.h">
      <Filter>addons\ofxAssimpModelLoader\libs\assimp\include\assimp\Compiler</Filter>
    </ClInclude>
    <ClInclude Include="..\..\addons\ofxAssimpModelLoader\libs\assimp\include\assimp\Compiler\pstdint.h">
      <Filter>addons\ofxAssimpModelLoader\libs\assimp\include\assimp\Compiler</Filter>
    </ClInclude>
    <ClInclude Include="..\..\addons\ofxAssimpModelLoader\libs\assimp\include\assimp\Compiler\pushpack1.h">
      <Filter>addons\ofxAssimpModelLoader\libs\assimp\include\assimp\Compiler</Filter>
    </ClInclude>
    <ClInclude Include="..\..\addons\ofxAssimpModelLoader\libs\assimp\include\assimp\config.h">
      <Filter>addons\ofxAssimpModelLoader\libs\assimp\include\assimp</Filter>
    </ClInclude>
    <ClInclude Include="..\..\addons\ofxAssimpModelLoader\libs\assimp\include\assimp\CreateAnimMesh.h">
      <Filter>addons\ofxAssimpModelLoader\libs\assimp\include\assimp</Filter>
    </ClInclude>
    <ClInclude Include="..\..\addons\ofxAssimpModelLoader\libs\assimp\include\assimp\DefaultIOStream.h">
      <Filter>addons\ofxAssimpModelLoader\libs\assimp\include\assimp</Filter>
    </ClInclude>
    <ClInclude Include="..\..\addons\ofxAssimpModelLoader\libs\assimp\include\assimp\DefaultIOSystem.h">
      <Filter>addons\ofxAssimpModelLoader\libs\assimp\include\assimp</Filter>
    </ClInclude>
    <ClInclude Include="..\..\addons\ofxAssimpModelLoader\libs\assimp\include\assimp\DefaultLogger.hpp">
      <Filter>addons\ofxAssimpModelLoader\libs\assimp\include\assimp</Filter>
    </ClInclude>
    <ClInclude Include="..\..\addons\ofxAssimpModelLoader\libs\assimp\include\assimp\defs.h">
      <Filter>addons\ofxAssimpModelLoader\libs\assimp\include\assimp</Filter>
    </ClInclude>
    <ClInclude Include="..\..\addons\ofxAssimpModelLoader\libs\assimp\include\assimp\Exceptional.h">
      <Filter>addons\ofxAssimpModelLoader\libs\assimp\include\assimp</Filter>
    </ClInclude>
    <ClInclude Include="..\..\addons\ofxAssimpModelLoader\libs\assimp\include\assimp\Exporter.hpp">
      <Filter>addons\ofxAssimpModelLoader\libs\assimp\include\assimp</Filter>
    </ClInclude>
    <ClInclude Include="..\..\addons\ofxAssimpModelLoader\libs\assimp\include\assimp\fast_atof.h">
      <Filter>addons\ofxAssimpModelLoader\libs\assimp\include\assimp</Filter>
    </ClInclude>
    <ClInclude Include="..\..\addons\ofxAssimpModelLoader\libs\assimp\include\assimp\GenericProperty.h">
      <Filter>addons\ofxAssimpModelLoader\libs\assimp\include\assimp</Filter>
    </ClInclude>
    <ClInclude Include="..\..\addons\ofxAssimpModelLoader\libs\assimp\include\assimp\GltfMaterial.h">
      <Filter>addons\ofxAssimpModelLoader\libs\assimp\include\assimp</Filter>
    </ClInclude>
    <ClInclude Include="..\..\addons\ofxAssimpModelLoader\libs\assimp\include\assimp\Hash.h">
      <Filter>addons\ofxAssimpModelLoader\libs\assimp\include\assimp</Filter>
    </ClInclude>
    <ClInclude Include="..\..\addons\ofxAssimpModelLoader\libs\assimp\include\assimp\Importer.hpp">
      <Filter>addons\ofxAssimpModelLoader\libs\assimp\include\assimp</Filter>
    </ClInclude>
    <ClInclude Include="..\..\addons\ofxAssimpModelLoader\libs\assimp\include\assimp\importerdesc.h">
      <Filter>addons\ofxAssimpModelLoader\libs\assimp\include\assimp</Filter>
    </ClInclude>
    <ClInclude Include="..\..\addons\ofxAssimpModelLoader\libs\assimp\include\assimp\IOStream.hpp">
      <Filter>addons\ofxAssimpModelLoader\libs\assimp\include\assimp</Filter>
    </ClInclude>
    <ClInclude Include="..\..\addons\ofxAssimpModelLoader\libs\assimp\include\assimp\IOStreamBuffer.h">
      <Filter>addons\ofxAssimpModelLoader\libs\assimp\include\assimp</Filter>
    </ClInclude>
    <ClInclude Include="..\..\addons\ofxAssimpModelLoader\libs\assimp\include\assimp\IOSystem.hpp">
      <Filter>addons\ofxAssimpModelLoader\libs\assimp\include\assimp</Filter>
    </ClInclude>
    <ClInclude Include="..\..\addons\ofxAssimpModelLoader\libs\assimp\include\assimp\light.h">
      <Filter>addons\ofxAssimpModelLoader\libs\assimp\include\assimp</Filter>
    </ClInclude>
    <ClInclude Include="..\..\addons\ofxAssimpModelLoader\libs\assimp\include\assimp\LineSplitter.h">
      <Filter>addons\ofxAssimpModelLoader\libs\assimp\include\assimp</Filter>
    </ClInclude>
    <ClInclude Include="..\..\addons\ofxAssimpModelLoader\libs\assimp\include\assimp\LogAux.h">
      <Filter>addons\ofxAssimpModelLoader\libs\assimp\include\assimp</Filter>
    </ClInclude>
    <ClInclude Include="..\..\addons\ofxAssimpModelLoader\libs\assimp\include\assimp\Logger.hpp">
      <Filter>addons\ofxAssimpModelLoader\libs\assimp\include\assimp</Filter>
    </ClInclude>
    <ClInclude Include="..\..\addons\ofxAssimpModelLoader\libs\assimp\include\assimp\LogStream.hpp">
      <Filter>addons\ofxAssimpModelLoader\libs\assimp\include\assimp</Filter>
    </ClInclude>
    <ClInclude Include="..\..\addons\ofxAssimpModelLoader\libs\assimp\include\assimp\material.h">
      <Filter>addons\ofxAssimpModelLoader\libs\assimp\include\assimp</Filter>
    </ClInclude>
    <ClInclude Include="..\..\addons\ofxAssimpModelLoader\libs\assimp\include\assimp\MathFunctions.h">
      <Filter>addons\ofxAssimpModelLoader\libs\assimp\include\assimp</Filter>
    </ClInclude>
    <ClInclude Include="..\..\addons\ofxAssimpModelLoader\libs\assimp\include\assimp\matrix3x3.h">
      <Filter>addons\ofxAssimpModelLoader\libs\assimp\include\assimp</Filter>
    </ClInclude>
    <ClInclude Include="..\..\addons\ofxAssimpModelLoader\libs\assimp\include\assimp\matrix4x4.h">
      <Filter>addons\ofxAssimpModelLoader\libs\assimp\include\assimp</Filter>
    </ClInclude>
    <ClInclude Include="..\..\addons\ofxAssimpModelLoader\libs\assimp\include\assimp\MemoryIOWrapper.h">
      <Filter>addons\ofxAssimpModelLoader\libs\assimp\include\assimp</Filter>
    </ClInclude>
    <ClInclude Include="..\..\addons\ofxAssimpModelLoader\libs\assimp\include\assimp\mesh.h">
      <Filter>addons\ofxAssimpModelLoader\libs\assimp\include\assimp</Filter>
    </ClInclude>
    <ClInclude Include="..\..\addons\ofxAssimpModelLoader\libs\assimp\include\assimp\metadata.h">
      <Filter>addons\ofxAssimpModelLoader\libs\assimp\include\assimp</Filter>
    </ClInclude>
    <ClInclude Include="..\..\addons\ofxAssimpModelLoader\libs\assimp\include\assimp\NullLogger.hpp">
      <Filter>addons\ofxAssimpModelLoader\libs\assimp\include\assimp</Filter>
    </ClInclude>
    <ClInclude Include="..\..\addons\ofxAssimpModelLoader\libs\assimp\include\assimp\ObjMaterial.h">
      <Filter>addons\ofxAssimpModelLoader\libs\assimp\include\assimp</Filter>
    </ClInclude>
    <ClInclude Include="..\..\addons\ofxAssimpModelLoader\libs\assimp\include\assimp\ParsingUtils.h">
      <Filter>addons\ofxAssimpModelLoader\libs\assimp\include\assimp</Filter>
    </ClInclude>
    <ClInclude Include="..\..\addons\ofxAssimpModelLoader\libs\assimp\include\assimp\pbrmaterial.h">
      <Filter>addons\ofxAssimpModelLoader\libs\assimp\include\assimp</Filter>
    </ClInclude>
    <ClInclude Include="..\..\addons\ofxAssimpModelLoader\libs\assimp\include\assimp\port\AndroidJNI\AndroidJNIIOSystem.h">
      <Filter>addons\ofxAssimpModelLoader\libs\assimp\include\assimp\port\AndroidJNI</Filter>
    </ClInclude>
    <ClInclude Include="..\..\addons\ofxAssimpModelLoader\libs\assimp\include\assimp\port\AndroidJNI\BundledAssetIOSystem.h">
      <Filter>addons\ofxAssimpModelLoader\libs\assimp\include\assimp\port\AndroidJNI</Filter>
    </ClInclude>
    <ClInclude Include="..\..\addons\ofxAssimpModelLoader\libs\assimp\include\assimp\postprocess.h">
      <Filter>addons\ofxAssimpModelLoader\libs\assimp\include\assimp</Filter>
    </ClInclude>
    <ClInclude Include="..\..\addons\ofxAssimpModelLoader\libs\assimp\include\assimp\Profiler.h">
      <Filter>addons\ofxAssimpModelLoader\libs\assimp\include\assimp</Filter>
    </ClInclude>
    <ClInclude Include="..\..\addons\ofxAssimpModelLoader\libs\assimp\include\assimp\ProgressHandler.hpp">
      <Filter>addons\ofxAssimpModelLoader\libs\assimp\include\assimp</Filter>
    </ClInclude>
    <ClInclude Include="..\..\addons\ofxAssimpModelLoader\libs\assimp\include\assimp\qnan.h">
      <Filter>addons\ofxAssimpModelLoader\libs\assimp\include\assimp</Filter>
    </ClInclude>
    <ClInclude Include="..\..\addons\ofxAssimpModelLoader\libs\assimp\include\assimp\quaternion.h">
      <Filter>addons\ofxAssimpModelLoader\libs\assimp\include\assimp</Filter>
    </ClInclude>
    <ClInclude Include="..\..\addons\ofxAssimpModelLoader\libs\assimp\include\assimp\RemoveComments.h">
      <Filter>addons\ofxAssimpModelLoader\libs\assimp\include\assimp</Filter>
    </ClInclude>
    <ClInclude Include="..\..\addons\ofxAssimpModelLoader\libs\assimp\include\assimp\scene.h">
      <Filter>addons\ofxAssimpModelLoader\libs\assimp\include\assimp</Filter>
    </ClInclude>
    <ClInclude Include="..\..\addons\ofxAssimpModelLoader\libs\assimp\include\assimp\SceneCombiner.h">
      <Filter>addons\ofxAssimpModelLoader\libs\assimp\include\assimp</Filter>
    </ClInclude>
    <ClInclude Include="..\..\addons\ofxAssimpModelLoader\libs\assimp\include\assimp\SGSpatialSort.h">
      <Filter>addons\ofxAssimpModelLoader\libs\assimp\include\assimp</Filter>
    </ClInclude>
    <ClInclude Include="..\..\addons\ofxAssimpModelLoader\libs\assimp\include\assimp\SkeletonMeshBuilder.h">
      <Filter>addons\ofxAssimpModelLoader\libs\assimp\include\assimp</Filter>
    </ClInclude>
    <ClInclude Include="..\..\addons\ofxAssimpModelLoader\libs\assimp\include\assimp\SmallVector.h">
      <Filter>addons\ofxAssimpModelLoader\libs\assimp\include\assimp</Filter>
    </ClInclude>
    <ClInclude Include="..\..\addons\ofxAssimpModelLoader\libs\assimp\include\assimp\SmoothingGroups.h">
      <Filter>addons\ofxAssimpModelLoader\libs\assimp\include\assimp</Filter>
    </ClInclude>
    <ClInclude Include="..\..\addons\ofxAssimpModelLoader\libs\assimp\include\assimp\SpatialSort.h">
      <Filter>addons\ofxAssimpModelLoader\libs\assimp\include\assimp</Filter>
    </ClInclude>
    <ClInclude Include="..\..\addons\ofxAssimpModelLoader\libs\assimp\include\assimp\StandardShapes.h">
      <Filter>addons\ofxAssimpModelLoader\libs\assimp\include\assimp</Filter>
    </ClInclude>
    <ClInclude Include="..\..\addons\ofxAssimpModelLoader\libs\assimp\include\assimp\StreamReader.h">
      <Filter>addons\ofxAssimpModelLoader\libs\assimp\include\assimp</Filter>
    </ClInclude>
    <ClInclude Include="..\..\addons\ofxAssimpModelLoader\libs\assimp\include\assimp\StreamWriter.h">
      <Filter>addons\ofxAssimpModelLoader\libs\assimp\include\assimp</Filter>
    </ClInclude>
    <ClInclude Include="..\..\addons\ofxAssimpModelLoader\libs\assimp\include\assimp\StringComparison.h">
      <Filter>addons\ofxAssimpModelLoader\libs\assimp\include\assimp</Filter>
    </ClInclude>
    <ClInclude Include="..\..\addons\ofxAssimpModelLoader\libs\assimp\include\assimp\StringUtils.h">
      <Filter>addons\ofxAssimpModelLoader\libs\assimp\include\assimp</Filter>
    </ClInclude>
    <ClInclude Include="..\..\addons\ofxAssimpModelLoader\libs\assimp\include\assimp\Subdivision.h">
      <Filter>addons\ofxAssimpModelLoader\libs\assimp\include\assimp</Filter>
    </ClInclude>
    <ClInclude Include="..\..\addons\ofxAssimpModelLoader\libs\assimp\include\assimp\texture.h">
      <Filter>addons\ofxAssimpModelLoader\libs\assimp\include\assimp</Filter>
    </ClInclude>
    <ClInclude Include="..\..\addons\ofxAssimpModelLoader\libs\assimp\include\assimp\TinyFormatter.h">
      <Filter>addons\ofxAssimpModelLoader\libs\assimp\include\assimp</Filter>
    </ClInclude>
    <ClInclude Include="..\..\addons\ofxAssimpModelLoader\libs\assimp\include\assimp\types.h">
      <Filter>addons\ofxAssimpModelLoader\libs\assimp\include\assimp</Filter>
    </ClInclude>
    <ClInclude Include="..\..\addons\ofxAssimpModelLoader\libs\assimp\include\assimp\vector2.h">
      <Filter>addons\ofxAssimpModelLoader\libs\assimp\include\assimp</Filter>
    </ClInclude>
    <ClInclude Include="..\..\addons\ofxAssimpModelLoader\libs\assimp\include\assimp\vector3.h">
      <Filter>addons\ofxAssimpModelLoader\libs\assimp\include\assimp</Filter>
    </ClInclude>
    <ClInclude Include="..\..\addons\ofxAssimpModelLoader\libs\assimp\include\assimp\version.h">
      <Filter>addons\ofxAssimpModelLoader\libs\assimp\include\assimp</Filter>
    </ClInclude>
    <ClInclude Include="..\..\addons\ofxAssimpModelLoader\libs\assimp\include\assimp\Vertex.h">
      <Filter>addons\ofxAssimpModelLoader\libs\assimp\include\assimp</Filter>
    </ClInclude>
    <ClInclude Include="..\..\addons\ofxAssimpModelLoader\libs\assimp\include\assimp\XmlParser.h">
      <Filter>addons\ofxAssimpModelLoader\libs\assimp\include\assimp</Filter>
    </ClInclude>
    <ClInclude Include="..\..\addons\ofxAssimpModelLoader\libs\assimp\include\assimp\XMLTools.h">
      <Filter>addons\ofxAssimpModelLoader\libs\assimp\include\assimp</Filter>
    </ClInclude>
    <ClInclude Include="..\..\addons\ofxAssimpModelLoader\libs\assimp\include\assimp\ZipArchiveIOSystem.h">
      <Filter>addons\ofxAssimpModelLoader\libs\assimp\include\assimp</Filter>
    </ClInclude>
    <ClInclude Include="..\..\addons\ofxGui\src\ofxBaseGui.h">
      <Filter>addons\ofxGui\src</Filter>
    </ClInclude>
    <ClInclude Include="..\..\addons\ofxGui\src\ofxButton.h">
      <Filter>addons\ofxGui\src</Filter>
    </ClInclude>
    <ClInclude Include="..\..\addons\ofxGui\src\ofxColorPicker.h">
      <Filter>addons\ofxGui\src</Filter>
    </ClInclude>
    <ClInclude Include="..\..\addons\ofxGui\src\ofxGui.h">
      <Filter>addons\ofxGui\src</Filter>
    </ClInclude>
    <ClInclude Include="..\..\addons\ofxGui\src\ofxGuiGroup.h">
      <Filter>addons\ofxGui\src</Filter>
    </ClInclude>
    <ClInclude Include="..\..\addons\ofxGui\src\ofxGuiUtils.h">
      <Filter>addons\ofxGui\src</Filter>
    </ClInclude>
    <ClInclude Include="..\..\addons\ofxGui\src\ofxInputField.h">
      <Filter>addons\ofxGui\src</Filter>
    </ClInclude>
    <ClInclude Include="..\..\addons\ofxGui\src\ofxLabel.h">
      <Filter>addons\ofxGui\src</Filter>
    </ClInclude>
    <ClInclude Include="..\..\addons\ofxGui\src\ofxPanel.h">
      <Filter>addons\ofxGui\src</Filter>
    </ClInclude>
    <ClInclude Include="..\..\addons\ofxGui\src\ofxSlider.h">
      <Filter>addons\ofxGui\src</Filter>
    </ClInclude>
    <ClInclude Include="..\..\addons\ofxGui\src\ofxSliderGroup.h">
      <Filter>addons\ofxGui\src</Filter>
    </ClInclude>
    <ClInclude Include="..\..\addons\ofxGui\src\ofxToggle.h">
      <Filter>addons\ofxGui\src</Filter>
    </ClInclude>
    <ClInclude Include="..\..\addons\ofxImGui\src\BaseEngine.h">
      <Filter>addons\ofxImGui\src</Filter>
    </ClInclude>
    <ClInclude Include="..\..\addons\ofxImGui\src\BaseTheme.h">
      <Filter>addons\ofxImGui\src</Filter>
    </ClInclude>
    <ClInclude Include="..\..\addons\ofxImGui\src\DefaultTheme.h">
      <Filter>addons\ofxImGui\src</Filter>
    </ClInclude>
    <ClInclude Include="..\..\addons\ofxImGui\src\EngineGLFW.h">
      <Filter>addons\ofxImGui\src</Filter>
    </ClInclude>
    <ClInclude Include="..\..\addons\ofxImGui\src\EngineOpenGLES.h">
      <Filter>addons\ofxImGui\src</Filter>
    </ClInclude>
    <ClInclude Include="..\..\addons\ofxImGui\src\EngineVk.h">
      <Filter>addons\ofxImGui\src</Filter>
    </ClInclude>
    <ClInclude Include="..\..\addons\ofxImGui\src\Gui.h">
      <Filter>addons\ofxImGui\src</Filter>
    </ClInclude>
    <ClInclude Include="..\..\addons\ofxImGui\src\imconfig.h">
      <Filter>addons\ofxImGui\src</Filter>
    </ClInclude>
    <ClInclude Include="..\..\addons\ofxImGui\src\ImHelpers.h">
      <Filter>addons\ofxImGui\src</Filter>
    </ClInclude>
    <ClInclude Include="..\..\addons\ofxImGui\src\ofxImGui.h">
      <Filter>addons\ofxImGui\src</Filter>
    </ClInclude>
    <ClInclude Include="..\..\addons\ofxImGui\src\ofxImGuiLoggerChannel.h">
      <Filter>addons\ofxImGui\src</Filter>
    </ClInclude>
    <ClInclude Include="..\..\addons\ofxImGui\libs\imgui\src\imgui.h">
      <Filter>addons\ofxImGui\libs\imgui\src</Filter>
    </ClInclude>
    <ClInclude Include="..\..\addons\ofxImGui\libs\imgui\src\imgui_internal.h">
      <Filter>addons\ofxImGui\libs\imgui\src</Filter>
    </ClInclude>
    <ClInclude Include="..\..\addons\ofxImGui\libs\imgui\src\imstb_rectpack.h">
      <Filter>addons\ofxImGui\libs\imgui\src</Filter>
    </ClInclude>
    <ClInclude Include="..\..\addons\ofxImGui\libs\imgui\src\imstb_textedit.h">
      <Filter>addons\ofxImGui\libs\imgui\src</Filter>
    </ClInclude>
    <ClInclude Include="..\..\addons\ofxImGui\libs\imgui\src\imstb_truetype.h">
      <Filter>addons\ofxImGui\libs\imgui\src</Filter>
    </ClInclude>
  </ItemGroup>
  <ItemGroup>
    <ResourceCompile Include="icon.rc" />
  </ItemGroup>
</Project>